#
# This file is autogenerated by pip-compile with Python 3.14
# by the following command:
#
#    pip-compile --extra=dev --no-index --output-file=requirements-dev.lock --strip-extras pyproject.toml
#
aiofiles==25.1.0
    # via aiogram
aiogram==3.31.0
    # via nyan-shop-bot (pyproject.toml)
aiohappyeyeballs==2.7.1
    # via aiohttp
aiohttp==3.14.3
    # via aiogram
aiosignal==1.4.0
    # via aiohttp
alembic==1.20.0
    # via nyan-shop-bot (pyproject.toml)
annotated-doc==0.0.5
    # via fastapi
annotated-types==0.8.0
    # via pydantic
anyio==4.15.1
    # via
    #   httpx
    #   starlette
ast-serialize==0.11.2
    # via mypy
asyncpg==0.31.0
    # via nyan-shop-bot (pyproject.toml)
attrs==26.1.0
    # via aiohttp
build==1.6.1
    # via pip-tools
certifi==2026.7.22
    # via
    #   aiogram
    #   httpcore
    #   httpx
click==8.5.0
    # via
    #   pip-tools
    #   uvicorn
colorama==0.4.6
    # via
    #   build
    #   pytest
fastapi==0.141.1
    # via nyan-shop-bot (pyproject.toml)
frozenlist==1.8.0
    # via
    #   aiohttp
    #   aiosignal
greenlet==3.5.6
    # via sqlalchemy
h11==0.16.0
    # via
    #   httpcore
    #   uvicorn
httpcore==1.0.9
    # via httpx
httpx==0.28.1
    # via nyan-shop-bot (pyproject.toml)
idna==3.20
    # via
    #   anyio
    #   httpx
    #   yarl
iniconfig==2.3.0
    # via pytest
librt==0.15.0
    # via mypy
magic-filter==1.0.12
    # via aiogram
mako==1.4.1
    # via alembic
markupsafe==3.0.3
    # via mako
multidict==6.9.0
    # via
    #   aiohttp
    #   yarl
mypy==2.3.1
    # via nyan-shop-bot (pyproject.toml)
mypy-extensions==1.1.0
    # via mypy
packaging==26.3
    # via
    #   build
    #   pytest
    #   wheel
pathspec==1.1.1
    # via mypy
pip-tools==7.6.1
    # via nyan-shop-bot (pyproject.toml)
pluggy==1.6.0
    # via pytest
propcache==0.5.4
    # via
    #   aiohttp
    #   yarl
pydantic==2.13.5
    # via
    #   aiogram
    #   fastapi
    #   pydantic-settings
pydantic-core==2.46.5
    # via pydantic
pydantic-settings==2.15.0
    # via nyan-shop-bot (pyproject.toml)
pygments==2.21.0
    # via pytest
pyproject-hooks==1.3.3
    # via
    #   build
    #   pip-tools
pytest==9.1.1
    # via
    #   nyan-shop-bot (pyproject.toml)
    #   pytest-asyncio
pytest-asyncio==1.4.0
    # via nyan-shop-bot (pyproject.toml)
python-dotenv==1.2.3
    # via pydantic-settings
pyyaml==6.0.3
    # via nyan-shop-bot (pyproject.toml)
ruff==0.16.8
    # via nyan-shop-bot (pyproject.toml)
sqlalchemy==2.0.54
    # via
    #   alembic
    #   nyan-shop-bot (pyproject.toml)
starlette==1.6.0
    # via fastapi
typing-extensions==4.16.0
    # via
    #   aiogram
    #   alembic
    #   anyio
    #   fastapi
    #   mypy
    #   pydantic
    #   pydantic-core
    #   sqlalchemy
    #   typing-inspection
typing-inspection==0.4.4
    # via
    #   fastapi
    #   pydantic
    #   pydantic-settings
uvicorn==0.53.0
    # via nyan-shop-bot (pyproject.toml)
wheel==0.48.0
    # via pip-tools
yarl==1.25.1
    # via aiohttp

# The following packages are considered to be unsafe in a requirements file:
# pip
# setuptools
